Microsoft Visual Studio Solution File, Format Version 12.00
# Visual Studio Version 17
VisualStudioVersion = 17.5.2.0
MinimumVisualStudioVersion = 10.0.40219.1
Project("{FAE04EC0-301F-11D3-BF4B-00C04F79EFBC}") = "TestS09", "TestS09.csproj", "{F6F2F6B0-CD72-2EA4-49C5-762A509D8519}"
EndProject
Global
	GlobalSection(SolutionConfigurationPlatforms) = preSolution
		Debug|Any CPU = Debug|Any CPU
		Release|Any CPU = Release|Any CPU
	EndGlobalSection
	GlobalSection(ProjectConfigurationPlatforms) = postSolution
		{F6F2F6B0-CD72-2EA4-49C5-762A509D8519}.Debug|Any CPU.ActiveCfg = Debug|Any CPU
		{F6F2F6B0-CD72-2EA4-49C5-762A509D8519}.Debug|Any CPU.Build.0 = Debug|Any CPU
		{F6F2F6B0-CD72-2EA4-49C5-762A509D8519}.Release|Any CPU.ActiveCfg = Release|Any CPU
		{F6F2F6B0-CD72-2EA4-49C5-762A509D8519}.Release|Any CPU.Build.0 = Release|Any CPU
	EndGlobalSection
	GlobalSection(SolutionProperties) = preSolution
		HideSolutionNode = FALSE
	EndGlobalSection
	GlobalSection(ExtensibilityGlobals) = postSolution
		SolutionGuid = {38532115-0A75-4BED-AA4F-C6A24E4F62BD}
	EndGlobalSection
EndGlobal
